
Microsoft Visual Studio Solution File, Format Version 12.00
# Visual Studio Version 17
VisualStudioVersion = 17.4.33205.214
MinimumVisualStudioVersion = 10.0.40219.1
Project("{FAE04EC0-301F-11D3-BF4B-00C04F79EFBC}") = "ConsoleApp_EventsAndDelegates", "ConsoleApp_EventsAndDelegates\ConsoleApp_EventsAndDelegates.csproj", "{35D93722-C792-4C96-B51D-9F8C6CE62AEA}"
EndProject
Global
	GlobalSection(SolutionConfigurationPlatforms) = preSolution
		Debug|Any CPU = Debug|Any CPU
		Release|Any CPU = Release|Any CPU
	EndGlobalSection
	GlobalSection(ProjectConfigurationPlatforms) = postSolution
		{35D93722-C792-4C96-B51D-9F8C6CE62AEA}.Debug|Any CPU.ActiveCfg = Debug|Any CPU
		{35D93722-C792-4C96-B51D-9F8C6CE62AEA}.Debug|Any CPU.Build.0 = Debug|Any CPU
		{35D93722-C792-4C96-B51D-9F8C6CE62AEA}.Release|Any CPU.ActiveCfg = Release|Any CPU
		{35D93722-C792-4C96-B51D-9F8C6CE62AEA}.Release|Any CPU.Build.0 = Release|Any CPU
	EndGlobalSection
	GlobalSection(SolutionProperties) = preSolution
		HideSolutionNode = FALSE
	EndGlobalSection
	GlobalSection(ExtensibilityGlobals) = postSolution
		SolutionGuid = {A98066E4-E37E-41EF-9F18-2D7116A8CB6B}
	EndGlobalSection
EndGlobal
