
Microsoft Visual Studio Solution File, Format Version 12.00
# Visual Studio Version 16
VisualStudioVersion = 16.0.33027.164
MinimumVisualStudioVersion = 10.0.40219.1
Project("{9A19103F-16F7-4668-BE54-9A1E7A4F7556}") = "TwentyOne", "TwentyOneGame\TwentyOne.csproj", "{3EB63807-8298-47FD-8C8F-C0C80B9C6253}"
EndProject
Project("{FAE04EC0-301F-11D3-BF4B-00C04F79EFBC}") = "ClassLibrary_Casino", "ClassLibrary_Casino\ClassLibrary_Casino.csproj", "{5EB672D9-6469-4650-9236-B75CD7FE0E82}"
EndProject
Global
	GlobalSection(SolutionConfigurationPlatforms) = preSolution
		Debug|Any CPU = Debug|Any CPU
		Release|Any CPU = Release|Any CPU
	EndGlobalSection
	GlobalSection(ProjectConfigurationPlatforms) = postSolution
		{3EB63807-8298-47FD-8C8F-C0C80B9C6253}.Debug|Any CPU.ActiveCfg = Debug|Any CPU
		{3EB63807-8298-47FD-8C8F-C0C80B9C6253}.Debug|Any CPU.Build.0 = Debug|Any CPU
		{3EB63807-8298-47FD-8C8F-C0C80B9C6253}.Release|Any CPU.ActiveCfg = Release|Any CPU
		{3EB63807-8298-47FD-8C8F-C0C80B9C6253}.Release|Any CPU.Build.0 = Release|Any CPU
		{5EB672D9-6469-4650-9236-B75CD7FE0E82}.Debug|Any CPU.ActiveCfg = Debug|Any CPU
		{5EB672D9-6469-4650-9236-B75CD7FE0E82}.Debug|Any CPU.Build.0 = Debug|Any CPU
		{5EB672D9-6469-4650-9236-B75CD7FE0E82}.Release|Any CPU.ActiveCfg = Release|Any CPU
		{5EB672D9-6469-4650-9236-B75CD7FE0E82}.Release|Any CPU.Build.0 = Release|Any CPU
	EndGlobalSection
	GlobalSection(SolutionProperties) = preSolution
		HideSolutionNode = FALSE
	EndGlobalSection
	GlobalSection(ExtensibilityGlobals) = postSolution
		SolutionGuid = {F74E3506-91BA-4CB0-8297-49F0CE230BD7}
	EndGlobalSection
EndGlobal
