
Microsoft Visual Studio Solution File, Format Version 12.00
# Visual Studio Version 16
VisualStudioVersion = 16.0.33027.164
MinimumVisualStudioVersion = 10.0.40219.1
Project("{FAE04EC0-301F-11D3-BF4B-00C04F79EFBC}") = "MadLibGame", "MadLibGame\MadLibGame.csproj", "{0EBBBB95-B9CB-4C17-A7B9-3C700071EE5D}"
EndProject
Global
	GlobalSection(SolutionConfigurationPlatforms) = preSolution
		Debug|Any CPU = Debug|Any CPU
		Release|Any CPU = Release|Any CPU
	EndGlobalSection
	GlobalSection(ProjectConfigurationPlatforms) = postSolution
		{0EBBBB95-B9CB-4C17-A7B9-3C700071EE5D}.Debug|Any CPU.ActiveCfg = Debug|Any CPU
		{0EBBBB95-B9CB-4C17-A7B9-3C700071EE5D}.Debug|Any CPU.Build.0 = Debug|Any CPU
		{0EBBBB95-B9CB-4C17-A7B9-3C700071EE5D}.Release|Any CPU.ActiveCfg = Release|Any CPU
		{0EBBBB95-B9CB-4C17-A7B9-3C700071EE5D}.Release|Any CPU.Build.0 = Release|Any CPU
	EndGlobalSection
	GlobalSection(SolutionProperties) = preSolution
		HideSolutionNode = FALSE
	EndGlobalSection
	GlobalSection(ExtensibilityGlobals) = postSolution
		SolutionGuid = {BEC4D5EF-9102-4074-8833-404ABC0CA78F}
	EndGlobalSection
EndGlobal
