
Microsoft Visual Studio Solution File, Format Version 12.00
# Visual Studio Version 16
VisualStudioVersion = 16.0.33027.164
MinimumVisualStudioVersion = 10.0.40219.1
Project("{FAE04EC0-301F-11D3-BF4B-00C04F79EFBC}") = "ConsoleApp_Methods", "ConsoleApp_Methods\ConsoleApp_Methods.csproj", "{55FFACD3-E1C7-4484-8A2F-02B969DFDB2A}"
EndProject
Global
	GlobalSection(SolutionConfigurationPlatforms) = preSolution
		Debug|Any CPU = Debug|Any CPU
		Release|Any CPU = Release|Any CPU
	EndGlobalSection
	GlobalSection(ProjectConfigurationPlatforms) = postSolution
		{55FFACD3-E1C7-4484-8A2F-02B969DFDB2A}.Debug|Any CPU.ActiveCfg = Debug|Any CPU
		{55FFACD3-E1C7-4484-8A2F-02B969DFDB2A}.Debug|Any CPU.Build.0 = Debug|Any CPU
		{55FFACD3-E1C7-4484-8A2F-02B969DFDB2A}.Release|Any CPU.ActiveCfg = Release|Any CPU
		{55FFACD3-E1C7-4484-8A2F-02B969DFDB2A}.Release|Any CPU.Build.0 = Release|Any CPU
	EndGlobalSection
	GlobalSection(SolutionProperties) = preSolution
		HideSolutionNode = FALSE
	EndGlobalSection
	GlobalSection(ExtensibilityGlobals) = postSolution
		SolutionGuid = {D17C15D2-66C7-403E-B59A-B9D50ADD03B0}
	EndGlobalSection
EndGlobal
