
Microsoft Visual Studio Solution File, Format Version 12.00
# Visual Studio Version 16
VisualStudioVersion = 16.0.33027.164
MinimumVisualStudioVersion = 10.0.40219.1
Project("{FAE04EC0-301F-11D3-BF4B-00C04F79EFBC}") = "ConsoleApp_Structs", "ConsoleApp_Structs\ConsoleApp_Structs.csproj", "{741D715F-292A-4544-92B1-DBE15F636773}"
EndProject
Global
	GlobalSection(SolutionConfigurationPlatforms) = preSolution
		Debug|Any CPU = Debug|Any CPU
		Release|Any CPU = Release|Any CPU
	EndGlobalSection
	GlobalSection(ProjectConfigurationPlatforms) = postSolution
		{741D715F-292A-4544-92B1-DBE15F636773}.Debug|Any CPU.ActiveCfg = Debug|Any CPU
		{741D715F-292A-4544-92B1-DBE15F636773}.Debug|Any CPU.Build.0 = Debug|Any CPU
		{741D715F-292A-4544-92B1-DBE15F636773}.Release|Any CPU.ActiveCfg = Release|Any CPU
		{741D715F-292A-4544-92B1-DBE15F636773}.Release|Any CPU.Build.0 = Release|Any CPU
	EndGlobalSection
	GlobalSection(SolutionProperties) = preSolution
		HideSolutionNode = FALSE
	EndGlobalSection
	GlobalSection(ExtensibilityGlobals) = postSolution
		SolutionGuid = {E9F510B5-7250-4833-931E-E0BCAA230FBB}
	EndGlobalSection
EndGlobal
