
Microsoft Visual Studio Solution File, Format Version 12.00
# Visual Studio Version 17
VisualStudioVersion = 17.6.33815.320
MinimumVisualStudioVersion = 10.0.40219.1
Project("{FAE04EC0-301F-11D3-BF4B-00C04F79EFBC}") = "BalancedStringCheck", "BalancedStringCheck\BalancedStringCheck.csproj", "{F4661CFA-9523-40DD-81FA-4451DBEA00B9}"
EndProject
Global
	GlobalSection(SolutionConfigurationPlatforms) = preSolution
		Debug|Any CPU = Debug|Any CPU
		Release|Any CPU = Release|Any CPU
	EndGlobalSection
	GlobalSection(ProjectConfigurationPlatforms) = postSolution
		{F4661CFA-9523-40DD-81FA-4451DBEA00B9}.Debug|Any CPU.ActiveCfg = Debug|Any CPU
		{F4661CFA-9523-40DD-81FA-4451DBEA00B9}.Debug|Any CPU.Build.0 = Debug|Any CPU
		{F4661CFA-9523-40DD-81FA-4451DBEA00B9}.Release|Any CPU.ActiveCfg = Release|Any CPU
		{F4661CFA-9523-40DD-81FA-4451DBEA00B9}.Release|Any CPU.Build.0 = Release|Any CPU
	EndGlobalSection
	GlobalSection(SolutionProperties) = preSolution
		HideSolutionNode = FALSE
	EndGlobalSection
	GlobalSection(ExtensibilityGlobals) = postSolution
		SolutionGuid = {FD2EBB57-B5CB-4FD6-8810-7ED1475E8C9F}
	EndGlobalSection
EndGlobal
