
Microsoft Visual Studio Solution File, Format Version 12.00
# Visual Studio Version 17
VisualStudioVersion = 17.10.35013.160
MinimumVisualStudioVersion = 10.0.40219.1
Project("{FAE04EC0-301F-11D3-BF4B-00C04F79EFBC}") = "SwapiWebApp", "SwapiWebApp\SwapiWebApp.csproj", "{46DD1483-6978-4208-8FB0-C0AA9011379B}"
EndProject
Global
	GlobalSection(SolutionConfigurationPlatforms) = preSolution
		Debug|Any CPU = Debug|Any CPU
		Release|Any CPU = Release|Any CPU
	EndGlobalSection
	GlobalSection(ProjectConfigurationPlatforms) = postSolution
		{46DD1483-6978-4208-8FB0-C0AA9011379B}.Debug|Any CPU.ActiveCfg = Debug|Any CPU
		{46DD1483-6978-4208-8FB0-C0AA9011379B}.Debug|Any CPU.Build.0 = Debug|Any CPU
		{46DD1483-6978-4208-8FB0-C0AA9011379B}.Release|Any CPU.ActiveCfg = Release|Any CPU
		{46DD1483-6978-4208-8FB0-C0AA9011379B}.Release|Any CPU.Build.0 = Release|Any CPU
	EndGlobalSection
	GlobalSection(SolutionProperties) = preSolution
		HideSolutionNode = FALSE
	EndGlobalSection
	GlobalSection(ExtensibilityGlobals) = postSolution
		SolutionGuid = {EAC4AD96-2E88-4332-A089-FFDD4F63F127}
	EndGlobalSection
EndGlobal
