
Microsoft Visual Studio Solution File, Format Version 12.00
# Visual Studio Version 17
VisualStudioVersion = 17.6.33717.318
MinimumVisualStudioVersion = 10.0.40219.1
Project("{FAE04EC0-301F-11D3-BF4B-00C04F79EFBC}") = "ConsoleApp_Custom_Attribute", "ConsoleApp_Custom_Attribute\ConsoleApp_Custom_Attribute.csproj", "{1DB067B9-D437-4DEF-BCC1-755665064DE4}"
EndProject
Global
	GlobalSection(SolutionConfigurationPlatforms) = preSolution
		Debug|Any CPU = Debug|Any CPU
		Release|Any CPU = Release|Any CPU
	EndGlobalSection
	GlobalSection(ProjectConfigurationPlatforms) = postSolution
		{1DB067B9-D437-4DEF-BCC1-755665064DE4}.Debug|Any CPU.ActiveCfg = Debug|Any CPU
		{1DB067B9-D437-4DEF-BCC1-755665064DE4}.Debug|Any CPU.Build.0 = Debug|Any CPU
		{1DB067B9-D437-4DEF-BCC1-755665064DE4}.Release|Any CPU.ActiveCfg = Release|Any CPU
		{1DB067B9-D437-4DEF-BCC1-755665064DE4}.Release|Any CPU.Build.0 = Release|Any CPU
	EndGlobalSection
	GlobalSection(SolutionProperties) = preSolution
		HideSolutionNode = FALSE
	EndGlobalSection
	GlobalSection(ExtensibilityGlobals) = postSolution
		SolutionGuid = {C28B616F-6B79-422D-9A97-C921D5A8D55D}
	EndGlobalSection
EndGlobal
