
Microsoft Visual Studio Solution File, Format Version 12.00
# Visual Studio Version 17
VisualStudioVersion = 17.6.33815.320
MinimumVisualStudioVersion = 10.0.40219.1
Project("{FAE04EC0-301F-11D3-BF4B-00C04F79EFBC}") = "ConsoleApp_Stacks", "ConsoleApp_Stacks\ConsoleApp_Stacks.csproj", "{0FFDED92-9648-4DF3-AF4F-9443CFB3B908}"
EndProject
Global
	GlobalSection(SolutionConfigurationPlatforms) = preSolution
		Debug|Any CPU = Debug|Any CPU
		Release|Any CPU = Release|Any CPU
	EndGlobalSection
	GlobalSection(ProjectConfigurationPlatforms) = postSolution
		{0FFDED92-9648-4DF3-AF4F-9443CFB3B908}.Debug|Any CPU.ActiveCfg = Debug|Any CPU
		{0FFDED92-9648-4DF3-AF4F-9443CFB3B908}.Debug|Any CPU.Build.0 = Debug|Any CPU
		{0FFDED92-9648-4DF3-AF4F-9443CFB3B908}.Release|Any CPU.ActiveCfg = Release|Any CPU
		{0FFDED92-9648-4DF3-AF4F-9443CFB3B908}.Release|Any CPU.Build.0 = Release|Any CPU
	EndGlobalSection
	GlobalSection(SolutionProperties) = preSolution
		HideSolutionNode = FALSE
	EndGlobalSection
	GlobalSection(ExtensibilityGlobals) = postSolution
		SolutionGuid = {813E974D-8DDB-4309-BDFD-9C5E409F1B97}
	EndGlobalSection
EndGlobal
