
Microsoft Visual Studio Solution File, Format Version 12.00
# Visual Studio Version 17
VisualStudioVersion = 17.4.33205.214
MinimumVisualStudioVersion = 10.0.40219.1
Project("{9A19103F-16F7-4668-BE54-9A1E7A4F7556}") = "CodeFirst", "548Challenge\CodeFirst.csproj", "{B14999D3-4545-4FDF-B6B1-CFC698F96805}"
EndProject
Global
	GlobalSection(SolutionConfigurationPlatforms) = preSolution
		Debug|Any CPU = Debug|Any CPU
		Release|Any CPU = Release|Any CPU
	EndGlobalSection
	GlobalSection(ProjectConfigurationPlatforms) = postSolution
		{B14999D3-4545-4FDF-B6B1-CFC698F96805}.Debug|Any CPU.ActiveCfg = Debug|Any CPU
		{B14999D3-4545-4FDF-B6B1-CFC698F96805}.Debug|Any CPU.Build.0 = Debug|Any CPU
		{B14999D3-4545-4FDF-B6B1-CFC698F96805}.Release|Any CPU.ActiveCfg = Release|Any CPU
		{B14999D3-4545-4FDF-B6B1-CFC698F96805}.Release|Any CPU.Build.0 = Release|Any CPU
	EndGlobalSection
	GlobalSection(SolutionProperties) = preSolution
		HideSolutionNode = FALSE
	EndGlobalSection
	GlobalSection(ExtensibilityGlobals) = postSolution
		SolutionGuid = {0995D1A4-0B25-4748-A31A-FA7891136CFD}
	EndGlobalSection
EndGlobal
