
Microsoft Visual Studio Solution File, Format Version 12.00
# Visual Studio Version 17
VisualStudioVersion = 17.6.33815.320
MinimumVisualStudioVersion = 10.0.40219.1
Project("{FAE04EC0-301F-11D3-BF4B-00C04F79EFBC}") = "ConsoleApp_Trees", "ConsoleApp_Trees\ConsoleApp_Trees.csproj", "{EC19E5ED-5B2C-4A07-95C1-D26858EE5CFB}"
EndProject
Global
	GlobalSection(SolutionConfigurationPlatforms) = preSolution
		Debug|Any CPU = Debug|Any CPU
		Release|Any CPU = Release|Any CPU
	EndGlobalSection
	GlobalSection(ProjectConfigurationPlatforms) = postSolution
		{EC19E5ED-5B2C-4A07-95C1-D26858EE5CFB}.Debug|Any CPU.ActiveCfg = Debug|Any CPU
		{EC19E5ED-5B2C-4A07-95C1-D26858EE5CFB}.Debug|Any CPU.Build.0 = Debug|Any CPU
		{EC19E5ED-5B2C-4A07-95C1-D26858EE5CFB}.Release|Any CPU.ActiveCfg = Release|Any CPU
		{EC19E5ED-5B2C-4A07-95C1-D26858EE5CFB}.Release|Any CPU.Build.0 = Release|Any CPU
	EndGlobalSection
	GlobalSection(SolutionProperties) = preSolution
		HideSolutionNode = FALSE
	EndGlobalSection
	GlobalSection(ExtensibilityGlobals) = postSolution
		SolutionGuid = {A5BEE616-FD9D-4302-941E-756B97D72D38}
	EndGlobalSection
EndGlobal
